
Microsoft Visual Studio Solution File, Format Version 11.00
# Visual Studio 2010
Project("{FAE04EC0-301F-11D3-BF4B-00C04F79EFBC}") = "BAE.Mercury.Core", "BAE.Mercury.Core\BAE.Mercury.Core.csproj", "{33A55735-3012-4BD6-8C6F-7B309A5CBF86}"
EndProject
Project("{FAE04EC0-301F-11D3-BF4B-00C04F79EFBC}") = "Properties", "Properties.cs\Properties.csproj", "{11E16343-3A5B-4A50-8A55-86DB61FBB6D2}"
EndProject
Project("{FAE04EC0-301F-11D3-BF4B-00C04F79EFBC}") = "BAE.Mercury.Business", "BAE.Mercury.Business\BAE.Mercury.Business.csproj", "{E0C22C23-07DA-4225-B07D-CA37362FA724}"
EndProject
Project("{FAE04EC0-301F-11D3-BF4B-00C04F79EFBC}") = "BAE.Mercury.Client.Client", "BAE.Mercury.Client.Client\BAE.Mercury.Client.Client.csproj", "{B96EC916-A1AE-4024-8E21-E636B6E0EFE6}"
EndProject
Project("{FAE04EC0-301F-11D3-BF4B-00C04F79EFBC}") = "BAE.Mercury.Common", "BAE.Mercury.Common\BAE.Mercury.Common.csproj", "{48A3938F-0309-4578-B65C-C25955D836C0}"
EndProject
Project("{FAE04EC0-301F-11D3-BF4B-00C04F79EFBC}") = "BAE.Mercury.Client", "BAE.Mercury.Client\BAE.Mercury.Client.csproj", "{E24B22AF-CFF8-4F7D-B272-026F8C7E4807}"
EndProject
Global
	GlobalSection(SolutionConfigurationPlatforms) = preSolution
		Debug|Any CPU = Debug|Any CPU
		Debug|Mixed Platforms = Debug|Mixed Platforms
		Debug|x86 = Debug|x86
		Release|Any CPU = Release|Any CPU
		Release|Mixed Platforms = Release|Mixed Platforms
		Release|x86 = Release|x86
	EndGlobalSection
	GlobalSection(ProjectConfigurationPlatforms) = postSolution
		{33A55735-3012-4BD6-8C6F-7B309A5CBF86}.Debug|Any CPU.ActiveCfg = Debug|Any CPU
		{33A55735-3012-4BD6-8C6F-7B309A5CBF86}.Debug|Any CPU.Build.0 = Debug|Any CPU
		{33A55735-3012-4BD6-8C6F-7B309A5CBF86}.Debug|Mixed Platforms.ActiveCfg = Debug|Any CPU
		{33A55735-3012-4BD6-8C6F-7B309A5CBF86}.Debug|Mixed Platforms.Build.0 = Debug|Any CPU
		{33A55735-3012-4BD6-8C6F-7B309A5CBF86}.Debug|x86.ActiveCfg = Debug|Any CPU
		{33A55735-3012-4BD6-8C6F-7B309A5CBF86}.Release|Any CPU.ActiveCfg = Release|Any CPU
		{33A55735-3012-4BD6-8C6F-7B309A5CBF86}.Release|Any CPU.Build.0 = Release|Any CPU
		{33A55735-3012-4BD6-8C6F-7B309A5CBF86}.Release|Mixed Platforms.ActiveCfg = Release|Any CPU
		{33A55735-3012-4BD6-8C6F-7B309A5CBF86}.Release|Mixed Platforms.Build.0 = Release|Any CPU
		{33A55735-3012-4BD6-8C6F-7B309A5CBF86}.Release|x86.ActiveCfg = Release|Any CPU
		{11E16343-3A5B-4A50-8A55-86DB61FBB6D2}.Debug|Any CPU.ActiveCfg = Debug|Any CPU
		{11E16343-3A5B-4A50-8A55-86DB61FBB6D2}.Debug|Any CPU.Build.0 = Debug|Any CPU
		{11E16343-3A5B-4A50-8A55-86DB61FBB6D2}.Debug|Mixed Platforms.ActiveCfg = Debug|Any CPU
		{11E16343-3A5B-4A50-8A55-86DB61FBB6D2}.Debug|Mixed Platforms.Build.0 = Debug|Any CPU
		{11E16343-3A5B-4A50-8A55-86DB61FBB6D2}.Debug|x86.ActiveCfg = Debug|Any CPU
		{11E16343-3A5B-4A50-8A55-86DB61FBB6D2}.Release|Any CPU.ActiveCfg = Release|Any CPU
		{11E16343-3A5B-4A50-8A55-86DB61FBB6D2}.Release|Any CPU.Build.0 = Release|Any CPU
		{11E16343-3A5B-4A50-8A55-86DB61FBB6D2}.Release|Mixed Platforms.ActiveCfg = Release|Any CPU
		{11E16343-3A5B-4A50-8A55-86DB61FBB6D2}.Release|Mixed Platforms.Build.0 = Release|Any CPU
		{11E16343-3A5B-4A50-8A55-86DB61FBB6D2}.Release|x86.ActiveCfg = Release|Any CPU
		{E0C22C23-07DA-4225-B07D-CA37362FA724}.Debug|Any CPU.ActiveCfg = Debug|Any CPU
		{E0C22C23-07DA-4225-B07D-CA37362FA724}.Debug|Any CPU.Build.0 = Debug|Any CPU
		{E0C22C23-07DA-4225-B07D-CA37362FA724}.Debug|Mixed Platforms.ActiveCfg = Debug|Any CPU
		{E0C22C23-07DA-4225-B07D-CA37362FA724}.Debug|Mixed Platforms.Build.0 = Debug|Any CPU
		{E0C22C23-07DA-4225-B07D-CA37362FA724}.Debug|x86.ActiveCfg = Debug|Any CPU
		{E0C22C23-07DA-4225-B07D-CA37362FA724}.Release|Any CPU.ActiveCfg = Release|Any CPU
		{E0C22C23-07DA-4225-B07D-CA37362FA724}.Release|Any CPU.Build.0 = Release|Any CPU
		{E0C22C23-07DA-4225-B07D-CA37362FA724}.Release|Mixed Platforms.ActiveCfg = Release|Any CPU
		{E0C22C23-07DA-4225-B07D-CA37362FA724}.Release|Mixed Platforms.Build.0 = Release|Any CPU
		{E0C22C23-07DA-4225-B07D-CA37362FA724}.Release|x86.ActiveCfg = Release|Any CPU
		{B96EC916-A1AE-4024-8E21-E636B6E0EFE6}.Debug|Any CPU.ActiveCfg = Debug|Any CPU
		{B96EC916-A1AE-4024-8E21-E636B6E0EFE6}.Debug|Any CPU.Build.0 = Debug|Any CPU
		{B96EC916-A1AE-4024-8E21-E636B6E0EFE6}.Debug|Mixed Platforms.ActiveCfg = Debug|Any CPU
		{B96EC916-A1AE-4024-8E21-E636B6E0EFE6}.Debug|Mixed Platforms.Build.0 = Debug|Any CPU
		{B96EC916-A1AE-4024-8E21-E636B6E0EFE6}.Debug|x86.ActiveCfg = Debug|Any CPU
		{B96EC916-A1AE-4024-8E21-E636B6E0EFE6}.Release|Any CPU.ActiveCfg = Release|Any CPU
		{B96EC916-A1AE-4024-8E21-E636B6E0EFE6}.Release|Any CPU.Build.0 = Release|Any CPU
		{B96EC916-A1AE-4024-8E21-E636B6E0EFE6}.Release|Mixed Platforms.ActiveCfg = Release|Any CPU
		{B96EC916-A1AE-4024-8E21-E636B6E0EFE6}.Release|Mixed Platforms.Build.0 = Release|Any CPU
		{B96EC916-A1AE-4024-8E21-E636B6E0EFE6}.Release|x86.ActiveCfg = Release|Any CPU
		{48A3938F-0309-4578-B65C-C25955D836C0}.Debug|Any CPU.ActiveCfg = Debug|Any CPU
		{48A3938F-0309-4578-B65C-C25955D836C0}.Debug|Any CPU.Build.0 = Debug|Any CPU
		{48A3938F-0309-4578-B65C-C25955D836C0}.Debug|Mixed Platforms.ActiveCfg = Debug|Any CPU
		{48A3938F-0309-4578-B65C-C25955D836C0}.Debug|Mixed Platforms.Build.0 = Debug|Any CPU
		{48A3938F-0309-4578-B65C-C25955D836C0}.Debug|x86.ActiveCfg = Debug|Any CPU
		{48A3938F-0309-4578-B65C-C25955D836C0}.Release|Any CPU.ActiveCfg = Release|Any CPU
		{48A3938F-0309-4578-B65C-C25955D836C0}.Release|Any CPU.Build.0 = Release|Any CPU
		{48A3938F-0309-4578-B65C-C25955D836C0}.Release|Mixed Platforms.ActiveCfg = Release|Any CPU
		{48A3938F-0309-4578-B65C-C25955D836C0}.Release|Mixed Platforms.Build.0 = Release|Any CPU
		{48A3938F-0309-4578-B65C-C25955D836C0}.Release|x86.ActiveCfg = Release|Any CPU
		{E24B22AF-CFF8-4F7D-B272-026F8C7E4807}.Debug|Any CPU.ActiveCfg = Debug|Any CPU
		{E24B22AF-CFF8-4F7D-B272-026F8C7E4807}.Debug|Any CPU.Build.0 = Debug|Any CPU
		{E24B22AF-CFF8-4F7D-B272-026F8C7E4807}.Debug|Mixed Platforms.ActiveCfg = Debug|Any CPU
		{E24B22AF-CFF8-4F7D-B272-026F8C7E4807}.Debug|Mixed Platforms.Build.0 = Debug|Any CPU
		{E24B22AF-CFF8-4F7D-B272-026F8C7E4807}.Debug|x86.ActiveCfg = Debug|Any CPU
		{E24B22AF-CFF8-4F7D-B272-026F8C7E4807}.Release|Any CPU.ActiveCfg = Release|Any CPU
		{E24B22AF-CFF8-4F7D-B272-026F8C7E4807}.Release|Any CPU.Build.0 = Release|Any CPU
		{E24B22AF-CFF8-4F7D-B272-026F8C7E4807}.Release|Mixed Platforms.ActiveCfg = Release|Any CPU
		{E24B22AF-CFF8-4F7D-B272-026F8C7E4807}.Release|Mixed Platforms.Build.0 = Release|Any CPU
		{E24B22AF-CFF8-4F7D-B272-026F8C7E4807}.Release|x86.ActiveCfg = Release|Any CPU
	EndGlobalSection
	GlobalSection(SolutionProperties) = preSolution
		HideSolutionNode = FALSE
	EndGlobalSection
EndGlobal
